
Microsoft Visual Studio Solution File, Format Version 11.00
# Visual Studio 2012
Project("{FAE04EC0-301F-11D3-BF4B-00C04F79EFBC}") = "ContactExportWithFilterSample", "ContactExportWithFilterSample\ContactExportWithFilterSample.csproj", "{3EEE9F7D-9B64-493F-81D3-AED6435B5D04}"
EndProject
Project("{FAE04EC0-301F-11D3-BF4B-00C04F79EFBC}") = "ContactSegmentSample", "..\..\segment-helper\ContactSegmentSample\ContactSegmentSample.csproj", "{5748864E-E55C-4A6A-A022-A156C96ABC38}"
EndProject
Project("{FAE04EC0-301F-11D3-BF4B-00C04F79EFBC}") = "ContactExportSample", "..\..\contact-export\ContactExportSample\ContactExportSample.csproj", "{CD4F049E-F17D-42BC-B44F-69AC862F07FD}"
EndProject
Global
	GlobalSection(SolutionConfigurationPlatforms) = preSolution
		Debug|Any CPU = Debug|Any CPU
		Release|Any CPU = Release|Any CPU
	EndGlobalSection
	GlobalSection(ProjectConfigurationPlatforms) = postSolution
		{3EEE9F7D-9B64-493F-81D3-AED6435B5D04}.Debug|Any CPU.ActiveCfg = Debug|Any CPU
		{3EEE9F7D-9B64-493F-81D3-AED6435B5D04}.Debug|Any CPU.Build.0 = Debug|Any CPU
		{3EEE9F7D-9B64-493F-81D3-AED6435B5D04}.Release|Any CPU.ActiveCfg = Release|Any CPU
		{3EEE9F7D-9B64-493F-81D3-AED6435B5D04}.Release|Any CPU.Build.0 = Release|Any CPU
		{5748864E-E55C-4A6A-A022-A156C96ABC38}.Debug|Any CPU.ActiveCfg = Debug|Any CPU
		{5748864E-E55C-4A6A-A022-A156C96ABC38}.Debug|Any CPU.Build.0 = Debug|Any CPU
		{5748864E-E55C-4A6A-A022-A156C96ABC38}.Release|Any CPU.ActiveCfg = Release|Any CPU
		{5748864E-E55C-4A6A-A022-A156C96ABC38}.Release|Any CPU.Build.0 = Release|Any CPU
		{CD4F049E-F17D-42BC-B44F-69AC862F07FD}.Debug|Any CPU.ActiveCfg = Debug|Any CPU
		{CD4F049E-F17D-42BC-B44F-69AC862F07FD}.Debug|Any CPU.Build.0 = Debug|Any CPU
		{CD4F049E-F17D-42BC-B44F-69AC862F07FD}.Release|Any CPU.ActiveCfg = Release|Any CPU
		{CD4F049E-F17D-42BC-B44F-69AC862F07FD}.Release|Any CPU.Build.0 = Release|Any CPU
	EndGlobalSection
	GlobalSection(SolutionProperties) = preSolution
		HideSolutionNode = FALSE
	EndGlobalSection
EndGlobal
