
Microsoft Visual Studio Solution File, Format Version 11.00
# Visual Studio 2012
Project("{FAE04EC0-301F-11D3-BF4B-00C04F79EFBC}") = "ContactSample", "ContactSample\ContactSample.csproj", "{A70CE3D5-4A9C-46DB-972E-6BB358502107}"
EndProject
Project("{FAE04EC0-301F-11D3-BF4B-00C04F79EFBC}") = "ContactSample.Tests", "ContactSample.Tests\ContactSample.Tests.csproj", "{98728524-5474-44B9-ADBF-A11D15FCBCC2}"
EndProject
Global
	GlobalSection(SolutionConfigurationPlatforms) = preSolution
		Debug|Any CPU = Debug|Any CPU
		Release|Any CPU = Release|Any CPU
	EndGlobalSection
	GlobalSection(ProjectConfigurationPlatforms) = postSolution
		{A70CE3D5-4A9C-46DB-972E-6BB358502107}.Debug|Any CPU.ActiveCfg = Debug|Any CPU
		{A70CE3D5-4A9C-46DB-972E-6BB358502107}.Debug|Any CPU.Build.0 = Debug|Any CPU
		{A70CE3D5-4A9C-46DB-972E-6BB358502107}.Release|Any CPU.ActiveCfg = Release|Any CPU
		{A70CE3D5-4A9C-46DB-972E-6BB358502107}.Release|Any CPU.Build.0 = Release|Any CPU
		{98728524-5474-44B9-ADBF-A11D15FCBCC2}.Debug|Any CPU.ActiveCfg = Debug|Any CPU
		{98728524-5474-44B9-ADBF-A11D15FCBCC2}.Debug|Any CPU.Build.0 = Debug|Any CPU
		{98728524-5474-44B9-ADBF-A11D15FCBCC2}.Release|Any CPU.ActiveCfg = Release|Any CPU
		{98728524-5474-44B9-ADBF-A11D15FCBCC2}.Release|Any CPU.Build.0 = Release|Any CPU
	EndGlobalSection
	GlobalSection(SolutionProperties) = preSolution
		HideSolutionNode = FALSE
	EndGlobalSection
EndGlobal
