
Microsoft Visual Studio Solution File, Format Version 11.00
# Visual Studio 2012
Project("{FAE04EC0-301F-11D3-BF4B-00C04F79EFBC}") = "CampaignSample", "CampaignSample\CampaignSample.csproj", "{4DDE120A-1027-4A6F-8560-873FAC4810C9}"
EndProject
Project("{FAE04EC0-301F-11D3-BF4B-00C04F79EFBC}") = "CampaignSample.Tests", "CampaignSample.Tests\CampaignSample.Tests.csproj", "{0B125710-1095-42C0-A834-391BAD0F0426}"
EndProject
Global
	GlobalSection(SolutionConfigurationPlatforms) = preSolution
		Debug|Any CPU = Debug|Any CPU
		Release|Any CPU = Release|Any CPU
	EndGlobalSection
	GlobalSection(ProjectConfigurationPlatforms) = postSolution
		{4DDE120A-1027-4A6F-8560-873FAC4810C9}.Debug|Any CPU.ActiveCfg = Debug|Any CPU
		{4DDE120A-1027-4A6F-8560-873FAC4810C9}.Debug|Any CPU.Build.0 = Debug|Any CPU
		{4DDE120A-1027-4A6F-8560-873FAC4810C9}.Release|Any CPU.ActiveCfg = Release|Any CPU
		{4DDE120A-1027-4A6F-8560-873FAC4810C9}.Release|Any CPU.Build.0 = Release|Any CPU
		{0B125710-1095-42C0-A834-391BAD0F0426}.Debug|Any CPU.ActiveCfg = Debug|Any CPU
		{0B125710-1095-42C0-A834-391BAD0F0426}.Debug|Any CPU.Build.0 = Debug|Any CPU
		{0B125710-1095-42C0-A834-391BAD0F0426}.Release|Any CPU.ActiveCfg = Release|Any CPU
		{0B125710-1095-42C0-A834-391BAD0F0426}.Release|Any CPU.Build.0 = Release|Any CPU
	EndGlobalSection
	GlobalSection(SolutionProperties) = preSolution
		HideSolutionNode = FALSE
	EndGlobalSection
EndGlobal
